// !$*UTF8*$!
{
	archiveVersion = 1;
	classes = {
	};
	objectVersion = 46;
	objects = {

/* Begin PBXBuildFile section */
		9C0F19B46CD49334F4A5A195 /* Pods_DevslopesSocial.framework in Frameworks */ = {isa = PBXBuildFile; fileRef = EECF75217C4CE44AF54691CD /* Pods_DevslopesSocial.framework */; };
		C84181061EFC577D00ADF526 /* AppDelegate.swift in Sources */ = {isa = PBXBuildFile; fileRef = C84181051EFC577D00ADF526 /* AppDelegate.swift */; };
		C84181081EFC577D00ADF526 /* LoginVC.swift in Sources */ = {isa = PBXBuildFile; fileRef = C84181071EFC577D00ADF526 /* LoginVC.swift */; };
		C841810B1EFC577D00ADF526 /* Main.storyboard in Resources */ = {isa = PBXBuildFile; fileRef = C84181091EFC577D00ADF526 /* Main.storyboard */; };
		C841810D1EFC577D00ADF526 /* Assets.xcassets in Resources */ = {isa = PBXBuildFile; fileRef = C841810C1EFC577D00ADF526 /* Assets.xcassets */; };
		C84181101EFC577D00ADF526 /* LaunchScreen.storyboard in Resources */ = {isa = PBXBuildFile; fileRef = C841810E1EFC577D00ADF526 /* LaunchScreen.storyboard */; };
		C84181181EFC580E00ADF526 /* GoogleService-Info.plist in Resources */ = {isa = PBXBuildFile; fileRef = C84181171EFC580E00ADF526 /* GoogleService-Info.plist */; };
		C841811A1F00553200ADF526 /* FancyView.swift in Sources */ = {isa = PBXBuildFile; fileRef = C84181191F00553200ADF526 /* FancyView.swift */; };
		C84181201F0055F900ADF526 /* Constants.swift in Sources */ = {isa = PBXBuildFile; fileRef = C841811F1F0055F900ADF526 /* Constants.swift */; };
		C84181221F00572800ADF526 /* RoundButton.swift in Sources */ = {isa = PBXBuildFile; fileRef = C84181211F00572800ADF526 /* RoundButton.swift */; };
		C84181241F00587300ADF526 /* FancyTextField.swift in Sources */ = {isa = PBXBuildFile; fileRef = C84181231F00587300ADF526 /* FancyTextField.swift */; };
		C84181261F0062D900ADF526 /* FancyButton.swift in Sources */ = {isa = PBXBuildFile; fileRef = C84181251F0062D800ADF526 /* FancyButton.swift */; };
		C84E53CC1F1D17E800F3E953 /* DataService.swift in Sources */ = {isa = PBXBuildFile; fileRef = C84E53CB1F1D17E800F3E953 /* DataService.swift */; };
		C88DED951F1FDFF500650779 /* Post.swift in Sources */ = {isa = PBXBuildFile; fileRef = C88DED941F1FDFF500650779 /* Post.swift */; };
		C8B5CC841F029F240084554A /* FeedVC.swift in Sources */ = {isa = PBXBuildFile; fileRef = C8B5CC831F029F240084554A /* FeedVC.swift */; };
		C8B5CC861F0426930084554A /* RoundImageView.swift in Sources */ = {isa = PBXBuildFile; fileRef = C8B5CC851F0426930084554A /* RoundImageView.swift */; };
		C8D65C6C1F144D6D00008413 /* PostCell.swift in Sources */ = {isa = PBXBuildFile; fileRef = C8D65C6B1F144D6D00008413 /* PostCell.swift */; };
/* End PBXBuildFile section */

/* Begin PBXFileReference section */
		975EBE02777673C655118430 /* Pods-DevslopesSocial.debug.xcconfig */ = {isa = PBXFileReference; includeInIndex = 1; lastKnownFileType = text.xcconfig; name = "Pods-DevslopesSocial.debug.xcconfig"; path = "Pods/Target Support Files/Pods-DevslopesSocial/Pods-DevslopesSocial.debug.xcconfig"; sourceTree = "<group>"; };
		B2AF52A1EE929227976A67C7 /* Pods-DevslopesSocial.release.xcconfig */ = {isa = PBXFileReference; includeInIndex = 1; lastKnownFileType = text.xcconfig; name = "Pods-DevslopesSocial.release.xcconfig"; path = "Pods/Target Support Files/Pods-DevslopesSocial/Pods-DevslopesSocial.release.xcconfig"; sourceTree = "<group>"; };
		C84181021EFC577D00ADF526 /* DevslopesSocial.app */ = {isa = PBXFileReference; explicitFileType = wrapper.application; includeInIndex = 0; path = DevslopesSocial.app; sourceTree = BUILT_PRODUCTS_DIR; };
		C84181051EFC577D00ADF526 /* AppDelegate.swift */ = {isa = PBXFileReference; lastKnownFileType = sourcecode.swift; path = AppDelegate.swift; sourceTree = "<group>"; };
		C84181071EFC577D00ADF526 /* LoginVC.swift */ = {isa = PBXFileReference; lastKnownFileType = sourcecode.swift; path = LoginVC.swift; sourceTree = "<group>"; };
		C841810A1EFC577D00ADF526 /* Base */ = {isa = PBXFileReference; lastKnownFileType = file.storyboard; name = Base; path = Base.lproj/Main.storyboard; sourceTree = "<group>"; };
		C841810C1EFC577D00ADF526 /* Assets.xcassets */ = {isa = PBXFileReference; lastKnownFileType = folder.assetcatalog; path = Assets.xcassets; sourceTree = "<group>"; };
		C841810F1EFC577D00ADF526 /* Base */ = {isa = PBXFileReference; lastKnownFileType = file.storyboard; name = Base; path = Base.lproj/LaunchScreen.storyboard; sourceTree = "<group>"; };
		C84181111EFC577D00ADF526 /* Info.plist */ = {isa = PBXFileReference; lastKnownFileType = text.plist.xml; path = Info.plist; sourceTree = "<group>"; };
		C84181171EFC580E00ADF526 /* GoogleService-Info.plist */ = {isa = PBXFileReference; fileEncoding = 4; lastKnownFileType = text.plist.xml; path = "GoogleService-Info.plist"; sourceTree = "<group>"; };
		C84181191F00553200ADF526 /* FancyView.swift */ = {isa = PBXFileReference; fileEncoding = 4; lastKnownFileType = sourcecode.swift; path = FancyView.swift; sourceTree = "<group>"; };
		C841811F1F0055F900ADF526 /* Constants.swift */ = {isa = PBXFileReference; fileEncoding = 4; lastKnownFileType = sourcecode.swift; path = Constants.swift; sourceTree = "<group>"; };
		C84181211F00572800ADF526 /* RoundButton.swift */ = {isa = PBXFileReference; fileEncoding = 4; lastKnownFileType = sourcecode.swift; path = RoundButton.swift; sourceTree = "<group>"; };
		C84181231F00587300ADF526 /* FancyTextField.swift */ = {isa = PBXFileReference; fileEncoding = 4; lastKnownFileType = sourcecode.swift; path = FancyTextField.swift; sourceTree = "<group>"; };
		C84181251F0062D800ADF526 /* FancyButton.swift */ = {isa = PBXFileReference; fileEncoding = 4; lastKnownFileType = sourcecode.swift; path = FancyButton.swift; sourceTree = "<group>"; };
		C84E53CB1F1D17E800F3E953 /* DataService.swift */ = {isa = PBXFileReference; fileEncoding = 4; lastKnownFileType = sourcecode.swift; path = DataService.swift; sourceTree = "<group>"; };
		C88DED941F1FDFF500650779 /* Post.swift */ = {isa = PBXFileReference; fileEncoding = 4; lastKnownFileType = sourcecode.swift; path = Post.swift; sourceTree = "<group>"; };
		C8B5CC831F029F240084554A /* FeedVC.swift */ = {isa = PBXFileReference; fileEncoding = 4; lastKnownFileType = sourcecode.swift; path = FeedVC.swift; sourceTree = "<group>"; };
		C8B5CC851F0426930084554A /* RoundImageView.swift */ = {isa = PBXFileReference; fileEncoding = 4; lastKnownFileType = sourcecode.swift; path = RoundImageView.swift; sourceTree = "<group>"; };
		C8D65C6B1F144D6D00008413 /* PostCell.swift */ = {isa = PBXFileReference; fileEncoding = 4; lastKnownFileType = sourcecode.swift; path = PostCell.swift; sourceTree = "<group>"; };
		EECF75217C4CE44AF54691CD /* Pods_DevslopesSocial.framework */ = {isa = PBXFileReference; explicitFileType = wrapper.framework; includeInIndex = 0; path = Pods_DevslopesSocial.framework; sourceTree = BUILT_PRODUCTS_DIR; };
/* End PBXFileReference section */

/* Begin PBXFrameworksBuildPhase section */
		C84180FF1EFC577D00ADF526 /* Frameworks */ = {
			isa = PBXFrameworksBuildPhase;
			buildActionMask = 2147483647;
			files = (
				9C0F19B46CD49334F4A5A195 /* Pods_DevslopesSocial.framework in Frameworks */,
			);
			runOnlyForDeploymentPostprocessing = 0;
		};
/* End PBXFrameworksBuildPhase section */

/* Begin PBXGroup section */
		8E93D68BB63FF29BC17D10DB /* Frameworks */ = {
			isa = PBXGroup;
			children = (
				EECF75217C4CE44AF54691CD /* Pods_DevslopesSocial.framework */,
			);
			name = Frameworks;
			sourceTree = "<group>";
		};
		967258A17DD62CEAF9A23559 /* Pods */ = {
			isa = PBXGroup;
			children = (
				975EBE02777673C655118430 /* Pods-DevslopesSocial.debug.xcconfig */,
				B2AF52A1EE929227976A67C7 /* Pods-DevslopesSocial.release.xcconfig */,
			);
			name = Pods;
			sourceTree = "<group>";
		};
		C84180F91EFC577D00ADF526 = {
			isa = PBXGroup;
			children = (
				C84181041EFC577D00ADF526 /* DevslopesSocial */,
				C84181031EFC577D00ADF526 /* Products */,
				967258A17DD62CEAF9A23559 /* Pods */,
				8E93D68BB63FF29BC17D10DB /* Frameworks */,
			);
			sourceTree = "<group>";
		};
		C84181031EFC577D00ADF526 /* Products */ = {
			isa = PBXGroup;
			children = (
				C84181021EFC577D00ADF526 /* DevslopesSocial.app */,
			);
			name = Products;
			sourceTree = "<group>";
		};
		C84181041EFC577D00ADF526 /* DevslopesSocial */ = {
			isa = PBXGroup;
			children = (
				C84E53CA1F1D17D200F3E953 /* Services */,
				C84181091EFC577D00ADF526 /* Main.storyboard */,
				C841811C1F00559600ADF526 /* Model */,
				C841811B1F00558200ADF526 /* View */,
				C841811D1F00559D00ADF526 /* Controller */,
				C841811E1F0055C400ADF526 /* Supporting Files */,
				C841811F1F0055F900ADF526 /* Constants.swift */,
			);
			path = DevslopesSocial;
			sourceTree = "<group>";
		};
		C841811B1F00558200ADF526 /* View */ = {
			isa = PBXGroup;
			children = (
				C84181191F00553200ADF526 /* FancyView.swift */,
				C84181231F00587300ADF526 /* FancyTextField.swift */,
				C84181211F00572800ADF526 /* RoundButton.swift */,
				C84181251F0062D800ADF526 /* FancyButton.swift */,
				C8B5CC851F0426930084554A /* RoundImageView.swift */,
				C8D65C6B1F144D6D00008413 /* PostCell.swift */,
			);
			name = View;
			sourceTree = "<group>";
		};
		C841811C1F00559600ADF526 /* Model */ = {
			isa = PBXGroup;
			children = (
				C88DED941F1FDFF500650779 /* Post.swift */,
			);
			name = Model;
			sourceTree = "<group>";
		};
		C841811D1F00559D00ADF526 /* Controller */ = {
			isa = PBXGroup;
			children = (
				C84181071EFC577D00ADF526 /* LoginVC.swift */,
				C8B5CC831F029F240084554A /* FeedVC.swift */,
			);
			name = Controller;
			sourceTree = "<group>";
		};
		C841811E1F0055C400ADF526 /* Supporting Files */ = {
			isa = PBXGroup;
			children = (
				C84181111EFC577D00ADF526 /* Info.plist */,
				C84181051EFC577D00ADF526 /* AppDelegate.swift */,
				C841810C1EFC577D00ADF526 /* Assets.xcassets */,
				C841810E1EFC577D00ADF526 /* LaunchScreen.storyboard */,
				C84181171EFC580E00ADF526 /* GoogleService-Info.plist */,
			);
			name = "Supporting Files";
			sourceTree = "<group>";
		};
		C84E53CA1F1D17D200F3E953 /* Services */ = {
			isa = PBXGroup;
			children = (
				C84E53CB1F1D17E800F3E953 /* DataService.swift */,
			);
			name = Services;
			sourceTree = "<group>";
		};
/* End PBXGroup section */

/* Begin PBXNativeTarget section */
		C84181011EFC577D00ADF526 /* DevslopesSocial */ = {
			isa = PBXNativeTarget;
			buildConfigurationList = C84181141EFC577D00ADF526 /* Build configuration list for PBXNativeTarget "DevslopesSocial" */;
			buildPhases = (
				967C6E5200CBE29E18392CDB /* [CP] Check Pods Manifest.lock */,
				C84180FE1EFC577D00ADF526 /* Sources */,
				C84180FF1EFC577D00ADF526 /* Frameworks */,
				C84181001EFC577D00ADF526 /* Resources */,
				777572F5D2589B31E88D2FE8 /* [CP] Embed Pods Frameworks */,
				FE7BBE26E2F58FF64F548829 /* [CP] Copy Pods Resources */,
			);
			buildRules = (
			);
			dependencies = (
			);
			name = DevslopesSocial;
			productName = DevslopesSocial;
			productReference = C84181021EFC577D00ADF526 /* DevslopesSocial.app */;
			productType = "com.apple.product-type.application";
		};
/* End PBXNativeTarget section */

/* Begin PBXProject section */
		C84180FA1EFC577D00ADF526 /* Project object */ = {
			isa = PBXProject;
			attributes = {
				LastSwiftUpdateCheck = 0830;
				LastUpgradeCheck = 0830;
				ORGANIZATIONNAME = "Brennan Linse";
				TargetAttributes = {
					C84181011EFC577D00ADF526 = {
						CreatedOnToolsVersion = 8.3.3;
						DevelopmentTeam = RQEL5W6SA3;
						ProvisioningStyle = Automatic;
					};
				};
			};
			buildConfigurationList = C84180FD1EFC577D00ADF526 /* Build configuration list for PBXProject "DevslopesSocial" */;
			compatibilityVersion = "Xcode 3.2";
			developmentRegion = English;
			hasScannedForEncodings = 0;
			knownRegions = (
				en,
				Base,
			);
			mainGroup = C84180F91EFC577D00ADF526;
			productRefGroup = C84181031EFC577D00ADF526 /* Products */;
			projectDirPath = "";
			projectRoot = "";
			targets = (
				C84181011EFC577D00ADF526 /* DevslopesSocial */,
			);
		};
/* End PBXProject section */

/* Begin PBXResourcesBuildPhase section */
		C84181001EFC577D00ADF526 /* Resources */ = {
			isa = PBXResourcesBuildPhase;
			buildActionMask = 2147483647;
			files = (
				C84181101EFC577D00ADF526 /* LaunchScreen.storyboard in Resources */,
				C84181181EFC580E00ADF526 /* GoogleService-Info.plist in Resources */,
				C841810D1EFC577D00ADF526 /* Assets.xcassets in Resources */,
				C841810B1EFC577D00ADF526 /* Main.storyboard in Resources */,
			);
			runOnlyForDeploymentPostprocessing = 0;
		};
/* End PBXResourcesBuildPhase section */

/* Begin PBXShellScriptBuildPhase section */
		777572F5D2589B31E88D2FE8 /* [CP] Embed Pods Frameworks */ = {
			isa = PBXShellScriptBuildPhase;
			buildActionMask = 2147483647;
			files = (
			);
			inputPaths = (
			);
			name = "[CP] Embed Pods Frameworks";
			outputPaths = (
			);
			runOnlyForDeploymentPostprocessing = 0;
			shellPath = /bin/sh;
			shellScript = "\"${SRCROOT}/Pods/Target Support Files/Pods-DevslopesSocial/Pods-DevslopesSocial-frameworks.sh\"\n";
			showEnvVarsInLog = 0;
		};
		967C6E5200CBE29E18392CDB /* [CP] Check Pods Manifest.lock */ = {
			isa = PBXShellScriptBuildPhase;
			buildActionMask = 2147483647;
			files = (
			);
			inputPaths = (
			);
			name = "[CP] Check Pods Manifest.lock";
			outputPaths = (
			);
			runOnlyForDeploymentPostprocessing = 0;
			shellPath = /bin/sh;
			shellScript = "diff \"${PODS_PODFILE_DIR_PATH}/Podfile.lock\" \"${PODS_ROOT}/Manifest.lock\" > /dev/null\nif [ $? != 0 ] ; then\n    # print error to STDERR\n    echo \"error: The sandbox is not in sync with the Podfile.lock. Run 'pod install' or update your CocoaPods installation.\" >&2\n    exit 1\nfi\n";
			showEnvVarsInLog = 0;
		};
		FE7BBE26E2F58FF64F548829 /* [CP] Copy Pods Resources */ = {
			isa = PBXShellScriptBuildPhase;
			buildActionMask = 2147483647;
			files = (
			);
			inputPaths = (
			);
			name = "[CP] Copy Pods Resources";
			outputPaths = (
			);
			runOnlyForDeploymentPostprocessing = 0;
			shellPath = /bin/sh;
			shellScript = "\"${SRCROOT}/Pods/Target Support Files/Pods-DevslopesSocial/Pods-DevslopesSocial-resources.sh\"\n";
			showEnvVarsInLog = 0;
		};
/* End PBXShellScriptBuildPhase section */

/* Begin PBXSourcesBuildPhase section */
		C84180FE1EFC577D00ADF526 /* Sources */ = {
			isa = PBXSourcesBuildPhase;
			buildActionMask = 2147483647;
			files = (
				C84181081EFC577D00ADF526 /* LoginVC.swift in Sources */,
				C8B5CC861F0426930084554A /* RoundImageView.swift in Sources */,
				C84181221F00572800ADF526 /* RoundButton.swift in Sources */,
				C88DED951F1FDFF500650779 /* Post.swift in Sources */,
				C84181061EFC577D00ADF526 /* AppDelegate.swift in Sources */,
				C84181261F0062D900ADF526 /* FancyButton.swift in Sources */,
				C84E53CC1F1D17E800F3E953 /* DataService.swift in Sources */,
				C8B5CC841F029F240084554A /* FeedVC.swift in Sources */,
				C84181241F00587300ADF526 /* FancyTextField.swift in Sources */,
				C841811A1F00553200ADF526 /* FancyView.swift in Sources */,
				C84181201F0055F900ADF526 /* Constants.swift in Sources */,
				C8D65C6C1F144D6D00008413 /* PostCell.swift in Sources */,
			);
			runOnlyForDeploymentPostprocessing = 0;
		};
/* End PBXSourcesBuildPhase section */

/* Begin PBXVariantGroup section */
		C84181091EFC577D00ADF526 /* Main.storyboard */ = {
			isa = PBXVariantGroup;
			children = (
				C841810A1EFC577D00ADF526 /* Base */,
			);
			name = Main.storyboard;
			sourceTree = "<group>";
		};
		C841810E1EFC577D00ADF526 /* LaunchScreen.storyboard */ = {
			isa = PBXVariantGroup;
			children = (
				C841810F1EFC577D00ADF526 /* Base */,
			);
			name = LaunchScreen.storyboard;
			sourceTree = "<group>";
		};
/* End PBXVariantGroup section */

/* Begin XCBuildConfiguration section */
		C84181121EFC577D00ADF526 /* Debug */ = {
			isa = XCBuildConfiguration;
			buildSettings = {
				ALWAYS_SEARCH_USER_PATHS = NO;
				CLANG_ANALYZER_NONNULL = YES;
				CLANG_ANALYZER_NUMBER_OBJECT_CONVERSION = YES_AGGRESSIVE;
				CLANG_CXX_LANGUAGE_STANDARD = "gnu++0x";
				CLANG_CXX_LIBRARY = "libc++";
				CLANG_ENABLE_MODULES = YES;
				CLANG_ENABLE_OBJC_ARC = YES;
				CLANG_WARN_BOOL_CONVERSION = YES;
				CLANG_WARN_CONSTANT_CONVERSION = YES;
				CLANG_WARN_DIRECT_OBJC_ISA_USAGE = YES_ERROR;
				CLANG_WARN_DOCUMENTATION_COMMENTS = YES;
				CLANG_WARN_EMPTY_BODY = YES;
				CLANG_WARN_ENUM_CONVERSION = YES;
				CLANG_WARN_INFINITE_RECURSION = YES;
				CLANG_WARN_INT_CONVERSION = YES;
				CLANG_WARN_OBJC_ROOT_CLASS = YES_ERROR;
				CLANG_WARN_SUSPICIOUS_MOVE = YES;
				CLANG_WARN_UNREACHABLE_CODE = YES;
				CLANG_WARN__DUPLICATE_METHOD_MATCH = YES;
				"CODE_SIGN_IDENTITY[sdk=iphoneos*]" = "iPhone Developer";
				COPY_PHASE_STRIP = NO;
				DEBUG_INFORMATION_FORMAT = dwarf;
				ENABLE_STRICT_OBJC_MSGSEND = YES;
				ENABLE_TESTABILITY = YES;
				GCC_C_LANGUAGE_STANDARD = gnu99;
				GCC_DYNAMIC_NO_PIC = NO;
				GCC_NO_COMMON_BLOCKS = YES;
				GCC_OPTIMIZATION_LEVEL = 0;
				GCC_PREPROCESSOR_DEFINITIONS = (
					"DEBUG=1",
					"$(inherited)",
				);
				GCC_WARN_64_TO_32_BIT_CONVERSION = YES;
				GCC_WARN_ABOUT_RETURN_TYPE = YES_ERROR;
				GCC_WARN_UNDECLARED_SELECTOR = YES;
				GCC_WARN_UNINITIALIZED_AUTOS = YES_AGGRESSIVE;
				GCC_WARN_UNUSED_FUNCTION = YES;
				GCC_WARN_UNUSED_VARIABLE = YES;
				IPHONEOS_DEPLOYMENT_TARGET = 10.3;
				MTL_ENABLE_DEBUG_INFO = YES;
				ONLY_ACTIVE_ARCH = YES;
				SDKROOT = iphoneos;
				SWIFT_ACTIVE_COMPILATION_CONDITIONS = DEBUG;
				SWIFT_OPTIMIZATION_LEVEL = "-Onone";
				TARGETED_DEVICE_FAMILY = "1,2";
			};
			name = Debug;
		};
		C84181131EFC577D00ADF526 /* Release */ = {
			isa = XCBuildConfiguration;
			buildSettings = {
				ALWAYS_SEARCH_USER_PATHS = NO;
				CLANG_ANALYZER_NONNULL = YES;
				CLANG_ANALYZER_NUMBER_OBJECT_CONVERSION = YES_AGGRESSIVE;
				CLANG_CXX_LANGUAGE_STANDARD = "gnu++0x";
				CLANG_CXX_LIBRARY = "libc++";
				CLANG_ENABLE_MODULES = YES;
				CLANG_ENABLE_OBJC_ARC = YES;
				CLANG_WARN_BOOL_CONVERSION = YES;
				CLANG_WARN_CONSTANT_CONVERSION = YES;
				CLANG_WARN_DIRECT_OBJC_ISA_USAGE = YES_ERROR;
				CLANG_WARN_DOCUMENTATION_COMMENTS = YES;
				CLANG_WARN_EMPTY_BODY = YES;
				CLANG_WARN_ENUM_CONVERSION = YES;
				CLANG_WARN_INFINITE_RECURSION = YES;
				CLANG_WARN_INT_CONVERSION = YES;
				CLANG_WARN_OBJC_ROOT_CLASS = YES_ERROR;
				CLANG_WARN_SUSPICIOUS_MOVE = YES;
				CLANG_WARN_UNREACHABLE_CODE = YES;
				CLANG_WARN__DUPLICATE_METHOD_MATCH = YES;
				"CODE_SIGN_IDENTITY[sdk=iphoneos*]" = "iPhone Developer";
				COPY_PHASE_STRIP = NO;
				DEBUG_INFORMATION_FORMAT = "dwarf-with-dsym";
				ENABLE_NS_ASSERTIONS = NO;
				ENABLE_STRICT_OBJC_MSGSEND = YES;
				GCC_C_LANGUAGE_STANDARD = gnu99;
				GCC_NO_COMMON_BLOCKS = YES;
				GCC_WARN_64_TO_32_BIT_CONVERSION = YES;
				GCC_WARN_ABOUT_RETURN_TYPE = YES_ERROR;
				GCC_WARN_UNDECLARED_SELECTOR = YES;
				GCC_WARN_UNINITIALIZED_AUTOS = YES_AGGRESSIVE;
				GCC_WARN_UNUSED_FUNCTION = YES;
				GCC_WARN_UNUSED_VARIABLE = YES;
				IPHONEOS_DEPLOYMENT_TARGET = 10.3;
				MTL_ENABLE_DEBUG_INFO = NO;
				SDKROOT = iphoneos;
				SWIFT_OPTIMIZATION_LEVEL = "-Owholemodule";
				TARGETED_DEVICE_FAMILY = "1,2";
				VALIDATE_PRODUCT = YES;
			};
			name = Release;
		};
		C84181151EFC577D00ADF526 /* Debug */ = {
			isa = XCBuildConfiguration;
			baseConfigurationReference = 975EBE02777673C655118430 /* Pods-DevslopesSocial.debug.xcconfig */;
			buildSettings = {
				ASSETCATALOG_COMPILER_APPICON_NAME = AppIcon;
				DEVELOPMENT_TEAM = RQEL5W6SA3;
				INFOPLIST_FILE = DevslopesSocial/Info.plist;
				LD_RUNPATH_SEARCH_PATHS = "$(inherited) @executable_path/Frameworks";
				PRODUCT_BUNDLE_IDENTIFIER = BrennanLinse.DevslopesSocial;
				PRODUCT_NAME = "$(TARGET_NAME)";
				SWIFT_VERSION = 3.0;
			};
			name = Debug;
		};
		C84181161EFC577D00ADF526 /* Release */ = {
			isa = XCBuildConfiguration;
			baseConfigurationReference = B2AF52A1EE929227976A67C7 /* Pods-DevslopesSocial.release.xcconfig */;
			buildSettings = {
				ASSETCATALOG_COMPILER_APPICON_NAME = AppIcon;
				DEVELOPMENT_TEAM = RQEL5W6SA3;
				INFOPLIST_FILE = DevslopesSocial/Info.plist;
				LD_RUNPATH_SEARCH_PATHS = "$(inherited) @executable_path/Frameworks";
				PRODUCT_BUNDLE_IDENTIFIER = BrennanLinse.DevslopesSocial;
				PRODUCT_NAME = "$(TARGET_NAME)";
				SWIFT_VERSION = 3.0;
			};
			name = Release;
		};
/* End XCBuildConfiguration section */

/* Begin XCConfigurationList section */
		C84180FD1EFC577D00ADF526 /* Build configuration list for PBXProject "DevslopesSocial" */ = {
			isa = XCConfigurationList;
			buildConfigurations = (
				C84181121EFC577D00ADF526 /* Debug */,
				C84181131EFC577D00ADF526 /* Release */,
			);
			defaultConfigurationIsVisible = 0;
			defaultConfigurationName = Release;
		};
		C84181141EFC577D00ADF526 /* Build configuration list for PBXNativeTarget "DevslopesSocial" */ = {
			isa = XCConfigurationList;
			buildConfigurations = (
				C84181151EFC577D00ADF526 /* Debug */,
				C84181161EFC577D00ADF526 /* Release */,
			);
			defaultConfigurationIsVisible = 0;
			defaultConfigurationName = Release;
		};
/* End XCConfigurationList section */
	};
	rootObject = C84180FA1EFC577D00ADF526 /* Project object */;
}
